{
    "_meta": {
        "hash": {
            "sha256": "6723ac11b0141a01e4747305ba3ecb722c3618f54b00a083801db193bf1b1c73"
        },
        "pipfile-spec": 6,
        "requires": {
            "python_version": "3.9"
        },
        "sources": [
            {
                "name": "pypi",
                "url": "https://pypi.org/simple",
                "verify_ssl": true
            }
        ]
    },
    "default": {
        "attrs": {
            "hashes": [
                "sha256:31b2eced602aa8423c2aea9c76a724617ed67cf9513173fd3a4f03e3a929c7e6",
                "sha256:832aa3cde19744e49938b91fea06d69ecb9e649c93ba974535d08ad92164f700"
            ],
            "index": "pypi",
            "version": "==20.3.0"
        },
        "click": {
            "hashes": [
                "sha256:d2b5255c7c6349bc1bd1e59e08cd12acbbd63ce649f2588755783aa94dfb6b1a",
                "sha256:dacca89f4bfadd5de3d7489b7c8a566eee0d3676333fbb50030263894c38c0dc"
            ],
            "index": "pypi",
            "version": "==7.1.2"
        },
        "python-rtmidi": {
            "hashes": [
                "sha256:107aa9d57c3b7190e65710e436a1ac2db34f22b2e82f459397ebb14dc6d3f63b",
                "sha256:1f7a8c6f19a56e56c4314cd562b5595ad4be645617655887e319c0c113d510ab",
                "sha256:2151a856964b5a99f823d336102b202b0100cab381aee6582eb7b166cd9672da",
                "sha256:565da90d8e2fc00a7e6c608ea86427c4a2ce69db44adda4be71df95fffe3d262",
                "sha256:5821f8726c62b3da00f70c82443eb00ee09f4d905c09954c65869e372d700373",
                "sha256:5e2eb72986b882605f476cddb4202e95e0aaa7ea33c49b99bc2c8243db864e7f",
                "sha256:615eb4426a5df90275616aab8d6382185a7c6be2a09ce44c7f058c4493bdb635",
                "sha256:87cfac386769a4ad415432d94277ca5526f082050d8bc364bd3038e811ea3511",
                "sha256:9141a328e82ebf59519133f24a630283768ffaf69b5e2ade298d1e6b01f4ab69",
                "sha256:919f62b4e4f762064b8e6070f13b76c5490a44405f13f75dd24901658ac370a8",
                "sha256:c2e8c3a077928ab5996dc6a0ad7d3723235b76458177c2d7297cb9706bedc779",
                "sha256:f992685ec4739a51a080069f35355b1769e47b7ed2351008014a6085a08f95f5"
            ],
            "index": "pypi",
            "version": "==1.4.6"
        },
        "uvloop": {
            "hashes": [
                "sha256:08b109f0213af392150e2fe6f81d33261bb5ce968a288eb698aad4f46eb711bd",
                "sha256:123ac9c0c7dd71464f58f1b4ee0bbd81285d96cdda8bc3519281b8973e3a461e",
                "sha256:4315d2ec3ca393dd5bc0b0089d23101276778c304d42faff5dc4579cb6caef09",
                "sha256:4544dcf77d74f3a84f03dd6278174575c44c67d7165d4c42c71db3fdc3860726",
                "sha256:afd5513c0ae414ec71d24f6f123614a80f3d27ca655a4fcf6cabe50994cc1891",
                "sha256:b4f591aa4b3fa7f32fb51e2ee9fea1b495eb75b0b3c8d0ca52514ad675ae63f7",
                "sha256:bcac356d62edd330080aed082e78d4b580ff260a677508718f88016333e2c9c5",
                "sha256:e7514d7a48c063226b7d06617cbb12a14278d4323a065a8d46a7962686ce2e95",
                "sha256:f07909cd9fc08c52d294b1570bba92186181ca01fe3dc9ffba68955273dd7362"
            ],
            "index": "pypi",
            "version": "==0.14.0"
        }
    },
    "develop": {}
}
